{
  "name": "xpath-dom",
  "version": "1.0.1",
  "dependencies": {
    "xpath-analyzer": {
      "version": "1.0.0",
      "from": "xpath-analyzer@>=1.0.0 <2.0.0"
    },
    "xpath-evaluator": {
      "version": "2.0.0",
      "from": "xpath-evaluator@>=2.0.0 <3.0.0"
    },
    "xpath-lexer": {
      "version": "1.0.0",
      "from": "xpath-lexer@>=1.0.0 <2.0.0"
    }
  }
}
